
Microsoft Visual Studio Solution File, Format Version 12.00
# Visual Studio 15
VisualStudioVersion = 15.0.26124.0
MinimumVisualStudioVersion = 15.0.26124.0
Project("{2150E333-8FDC-42A3-9474-1A3956D46DE8}") = "EMS", "EMS", "{A516DB64-7C5E-4A2E-8D14-9DFDA1C662C4}"
EndProject
Project("{FAE04EC0-301F-11D3-BF4B-00C04F79EFBC}") = "EMS.ReactApp", "EMS.ReactApp\EMS.ReactApp.csproj", "{BD16D1D1-71FE-4086-986B-937A76C998E6}"
EndProject
Global
	GlobalSection(SolutionConfigurationPlatforms) = preSolution
		Debug|Any CPU = Debug|Any CPU
		Debug|x64 = Debug|x64
		Debug|x86 = Debug|x86
		Release|Any CPU = Release|Any CPU
		Release|x64 = Release|x64
		Release|x86 = Release|x86
		Default|Any CPU = Default|Any CPU
	EndGlobalSection
	GlobalSection(SolutionProperties) = preSolution
		HideSolutionNode = FALSE
		
	EndGlobalSection
	GlobalSection(ProjectConfigurationPlatforms) = postSolution
		{BD16D1D1-71FE-4086-986B-937A76C998E6}.Debug|Any CPU.ActiveCfg = Debug|Any CPU
		{BD16D1D1-71FE-4086-986B-937A76C998E6}.Debug|Any CPU.Build.0 = Debug|Any CPU
		{BD16D1D1-71FE-4086-986B-937A76C998E6}.Debug|x64.ActiveCfg = Debug|Any CPU
		{BD16D1D1-71FE-4086-986B-937A76C998E6}.Debug|x64.Build.0 = Debug|Any CPU
		{BD16D1D1-71FE-4086-986B-937A76C998E6}.Debug|x86.ActiveCfg = Debug|Any CPU
		{BD16D1D1-71FE-4086-986B-937A76C998E6}.Debug|x86.Build.0 = Debug|Any CPU
		{BD16D1D1-71FE-4086-986B-937A76C998E6}.Release|Any CPU.ActiveCfg = Release|Any CPU
		{BD16D1D1-71FE-4086-986B-937A76C998E6}.Release|Any CPU.Build.0 = Release|Any CPU
		{BD16D1D1-71FE-4086-986B-937A76C998E6}.Release|x64.ActiveCfg = Release|Any CPU
		{BD16D1D1-71FE-4086-986B-937A76C998E6}.Release|x64.Build.0 = Release|Any CPU
		{BD16D1D1-71FE-4086-986B-937A76C998E6}.Release|x86.ActiveCfg = Release|Any CPU
		{BD16D1D1-71FE-4086-986B-937A76C998E6}.Release|x86.Build.0 = Release|Any CPU
		{BD16D1D1-71FE-4086-986B-937A76C998E6}.Default|Any CPU.ActiveCfg = Debug|Any CPU
		{BD16D1D1-71FE-4086-986B-937A76C998E6}.Default|Any CPU.Build.0 = Debug|Any CPU
	EndGlobalSection
	GlobalSection(NestedProjects) = preSolution
		{BD16D1D1-71FE-4086-986B-937A76C998E6} = {A516DB64-7C5E-4A2E-8D14-9DFDA1C662C4}
	EndGlobalSection
EndGlobal
