
Microsoft Visual Studio Solution File, Format Version 12.00
# Visual Studio 15
VisualStudioVersion = 15.0.26124.0
MinimumVisualStudioVersion = 15.0.26124.0
Project("{2150E333-8FDC-42A3-9474-1A3956D46DE8}") = "Solution Items", "Solution Items", "{01F7F854-0EC2-47D2-AF62-97CAC80C3294}"
	ProjectSection(SolutionItems) = preProject
		LICENSE = LICENSE
		README.md = README.md
		TODO.md = TODO.md
		SECURITY.md = SECURITY.md
		appveyor.yml = appveyor.yml
	EndProjectSection
EndProject
Project("{FAE04EC0-301F-11D3-BF4B-00C04F79EFBC}") = "EMS", "EMS\EMS.csproj", "{47555584-D130-49EA-8EB8-A19694EE74B3}"
EndProject
Project("{FAE04EC0-301F-11D3-BF4B-00C04F79EFBC}") = "EMS.Tests", "EMS.Tests\EMS.Tests.csproj", "{D1E5F255-85DA-4C12-9B1E-6A16F380B43E}"
EndProject
Project("{FAE04EC0-301F-11D3-BF4B-00C04F79EFBC}") = "EMS.Library", "EMS.Library\EMS.Library.csproj", "{3596FFC8-12F3-4D7A-9EA5-642C82059B9B}"
EndProject
Project("{FAE04EC0-301F-11D3-BF4B-00C04F79EFBC}") = "EMS.Library.Tests", "EMS.Library.Tests\EMS.Library.Tests.csproj", "{F33FCAD1-A69C-41C1-A440-74AE39478EA2}"
EndProject
Project("{FAE04EC0-301F-11D3-BF4B-00C04F79EFBC}") = "AlfenNG9xx", "AlfenNG9xx\AlfenNG9xx.csproj", "{928C13BB-D07E-4661-A2EB-995BA4D09E50}"
EndProject
Project("{FAE04EC0-301F-11D3-BF4B-00C04F79EFBC}") = "AlfenNG9xx.Tests", "AlfenNG9xx.Tests\AlfenNG9xx.Tests.csproj", "{0A11F750-E791-4FBE-8A28-BF8EE43A3F0C}"
EndProject
Project("{FAE04EC0-301F-11D3-BF4B-00C04F79EFBC}") = "P1SmartMeter", "P1SmartMeter\P1SmartMeter.csproj", "{AA621F94-B898-446A-B9F9-05A80925EE69}"
EndProject
Project("{FAE04EC0-301F-11D3-BF4B-00C04F79EFBC}") = "P1SmartMeter.Tests", "P1SmartMeter.Tests\P1SmartMeter.Tests.csproj", "{A67A8A43-1EB8-4D9F-88EA-DD0190DAB669}"
EndProject
Project("{2150E333-8FDC-42A3-9474-1A3956D46DE8}") = "EMS", "EMS", "{A516DB64-7C5E-4A2E-8D14-9DFDA1C662C4}"
EndProject
Project("{2150E333-8FDC-42A3-9474-1A3956D46DE8}") = "AlfenNG9xx", "AlfenNG9xx", "{3BE579BC-5D70-4116-A236-B4E88A127AAF}"
EndProject
Project("{2150E333-8FDC-42A3-9474-1A3956D46DE8}") = "EMS.Library", "EMS.Library", "{0F29801D-D095-4FA1-B6B4-D0776BF8050F}"
EndProject
Project("{2150E333-8FDC-42A3-9474-1A3956D46DE8}") = "P1SmartMeter", "P1SmartMeter", "{83BB0646-67FD-470F-BF73-7CD04A98D2E2}"
EndProject
Global
	GlobalSection(SolutionConfigurationPlatforms) = preSolution
		Debug|Any CPU = Debug|Any CPU
		Debug|x64 = Debug|x64
		Debug|x86 = Debug|x86
		Release|Any CPU = Release|Any CPU
		Release|x64 = Release|x64
		Release|x86 = Release|x86
	EndGlobalSection
	GlobalSection(SolutionProperties) = preSolution
		HideSolutionNode = FALSE
	EndGlobalSection
	GlobalSection(ProjectConfigurationPlatforms) = postSolution
		{928C13BB-D07E-4661-A2EB-995BA4D09E50}.Debug|Any CPU.ActiveCfg = Debug|Any CPU
		{928C13BB-D07E-4661-A2EB-995BA4D09E50}.Debug|Any CPU.Build.0 = Debug|Any CPU
		{928C13BB-D07E-4661-A2EB-995BA4D09E50}.Debug|x64.ActiveCfg = Debug|Any CPU
		{928C13BB-D07E-4661-A2EB-995BA4D09E50}.Debug|x64.Build.0 = Debug|Any CPU
		{928C13BB-D07E-4661-A2EB-995BA4D09E50}.Debug|x86.ActiveCfg = Debug|Any CPU
		{928C13BB-D07E-4661-A2EB-995BA4D09E50}.Debug|x86.Build.0 = Debug|Any CPU
		{928C13BB-D07E-4661-A2EB-995BA4D09E50}.Release|Any CPU.ActiveCfg = Release|Any CPU
		{928C13BB-D07E-4661-A2EB-995BA4D09E50}.Release|Any CPU.Build.0 = Release|Any CPU
		{928C13BB-D07E-4661-A2EB-995BA4D09E50}.Release|x64.ActiveCfg = Release|Any CPU
		{928C13BB-D07E-4661-A2EB-995BA4D09E50}.Release|x64.Build.0 = Release|Any CPU
		{928C13BB-D07E-4661-A2EB-995BA4D09E50}.Release|x86.ActiveCfg = Release|Any CPU
		{928C13BB-D07E-4661-A2EB-995BA4D09E50}.Release|x86.Build.0 = Release|Any CPU
		{0A11F750-E791-4FBE-8A28-BF8EE43A3F0C}.Debug|Any CPU.ActiveCfg = Debug|Any CPU
		{0A11F750-E791-4FBE-8A28-BF8EE43A3F0C}.Debug|Any CPU.Build.0 = Debug|Any CPU
		{0A11F750-E791-4FBE-8A28-BF8EE43A3F0C}.Debug|x64.ActiveCfg = Debug|Any CPU
		{0A11F750-E791-4FBE-8A28-BF8EE43A3F0C}.Debug|x64.Build.0 = Debug|Any CPU
		{0A11F750-E791-4FBE-8A28-BF8EE43A3F0C}.Debug|x86.ActiveCfg = Debug|Any CPU
		{0A11F750-E791-4FBE-8A28-BF8EE43A3F0C}.Debug|x86.Build.0 = Debug|Any CPU
		{0A11F750-E791-4FBE-8A28-BF8EE43A3F0C}.Release|Any CPU.ActiveCfg = Release|Any CPU
		{0A11F750-E791-4FBE-8A28-BF8EE43A3F0C}.Release|Any CPU.Build.0 = Release|Any CPU
		{0A11F750-E791-4FBE-8A28-BF8EE43A3F0C}.Release|x64.ActiveCfg = Release|Any CPU
		{0A11F750-E791-4FBE-8A28-BF8EE43A3F0C}.Release|x64.Build.0 = Release|Any CPU
		{0A11F750-E791-4FBE-8A28-BF8EE43A3F0C}.Release|x86.ActiveCfg = Release|Any CPU
		{0A11F750-E791-4FBE-8A28-BF8EE43A3F0C}.Release|x86.Build.0 = Release|Any CPU
		{3596FFC8-12F3-4D7A-9EA5-642C82059B9B}.Debug|Any CPU.ActiveCfg = Debug|Any CPU
		{3596FFC8-12F3-4D7A-9EA5-642C82059B9B}.Debug|Any CPU.Build.0 = Debug|Any CPU
		{3596FFC8-12F3-4D7A-9EA5-642C82059B9B}.Debug|x64.ActiveCfg = Debug|Any CPU
		{3596FFC8-12F3-4D7A-9EA5-642C82059B9B}.Debug|x64.Build.0 = Debug|Any CPU
		{3596FFC8-12F3-4D7A-9EA5-642C82059B9B}.Debug|x86.ActiveCfg = Debug|Any CPU
		{3596FFC8-12F3-4D7A-9EA5-642C82059B9B}.Debug|x86.Build.0 = Debug|Any CPU
		{3596FFC8-12F3-4D7A-9EA5-642C82059B9B}.Release|Any CPU.ActiveCfg = Release|Any CPU
		{3596FFC8-12F3-4D7A-9EA5-642C82059B9B}.Release|Any CPU.Build.0 = Release|Any CPU
		{3596FFC8-12F3-4D7A-9EA5-642C82059B9B}.Release|x64.ActiveCfg = Release|Any CPU
		{3596FFC8-12F3-4D7A-9EA5-642C82059B9B}.Release|x64.Build.0 = Release|Any CPU
		{3596FFC8-12F3-4D7A-9EA5-642C82059B9B}.Release|x86.ActiveCfg = Release|Any CPU
		{3596FFC8-12F3-4D7A-9EA5-642C82059B9B}.Release|x86.Build.0 = Release|Any CPU
		{F33FCAD1-A69C-41C1-A440-74AE39478EA2}.Debug|Any CPU.ActiveCfg = Debug|Any CPU
		{F33FCAD1-A69C-41C1-A440-74AE39478EA2}.Debug|Any CPU.Build.0 = Debug|Any CPU
		{F33FCAD1-A69C-41C1-A440-74AE39478EA2}.Debug|x64.ActiveCfg = Debug|Any CPU
		{F33FCAD1-A69C-41C1-A440-74AE39478EA2}.Debug|x64.Build.0 = Debug|Any CPU
		{F33FCAD1-A69C-41C1-A440-74AE39478EA2}.Debug|x86.ActiveCfg = Debug|Any CPU
		{F33FCAD1-A69C-41C1-A440-74AE39478EA2}.Debug|x86.Build.0 = Debug|Any CPU
		{F33FCAD1-A69C-41C1-A440-74AE39478EA2}.Release|Any CPU.ActiveCfg = Release|Any CPU
		{F33FCAD1-A69C-41C1-A440-74AE39478EA2}.Release|Any CPU.Build.0 = Release|Any CPU
		{F33FCAD1-A69C-41C1-A440-74AE39478EA2}.Release|x64.ActiveCfg = Release|Any CPU
		{F33FCAD1-A69C-41C1-A440-74AE39478EA2}.Release|x64.Build.0 = Release|Any CPU
		{F33FCAD1-A69C-41C1-A440-74AE39478EA2}.Release|x86.ActiveCfg = Release|Any CPU
		{F33FCAD1-A69C-41C1-A440-74AE39478EA2}.Release|x86.Build.0 = Release|Any CPU
		{AA621F94-B898-446A-B9F9-05A80925EE69}.Debug|Any CPU.ActiveCfg = Debug|Any CPU
		{AA621F94-B898-446A-B9F9-05A80925EE69}.Debug|Any CPU.Build.0 = Debug|Any CPU
		{AA621F94-B898-446A-B9F9-05A80925EE69}.Debug|x64.ActiveCfg = Debug|Any CPU
		{AA621F94-B898-446A-B9F9-05A80925EE69}.Debug|x64.Build.0 = Debug|Any CPU
		{AA621F94-B898-446A-B9F9-05A80925EE69}.Debug|x86.ActiveCfg = Debug|Any CPU
		{AA621F94-B898-446A-B9F9-05A80925EE69}.Debug|x86.Build.0 = Debug|Any CPU
		{AA621F94-B898-446A-B9F9-05A80925EE69}.Release|Any CPU.ActiveCfg = Release|Any CPU
		{AA621F94-B898-446A-B9F9-05A80925EE69}.Release|Any CPU.Build.0 = Release|Any CPU
		{AA621F94-B898-446A-B9F9-05A80925EE69}.Release|x64.ActiveCfg = Release|Any CPU
		{AA621F94-B898-446A-B9F9-05A80925EE69}.Release|x64.Build.0 = Release|Any CPU
		{AA621F94-B898-446A-B9F9-05A80925EE69}.Release|x86.ActiveCfg = Release|Any CPU
		{AA621F94-B898-446A-B9F9-05A80925EE69}.Release|x86.Build.0 = Release|Any CPU
		{A67A8A43-1EB8-4D9F-88EA-DD0190DAB669}.Debug|Any CPU.ActiveCfg = Debug|Any CPU
		{A67A8A43-1EB8-4D9F-88EA-DD0190DAB669}.Debug|Any CPU.Build.0 = Debug|Any CPU
		{A67A8A43-1EB8-4D9F-88EA-DD0190DAB669}.Debug|x64.ActiveCfg = Debug|Any CPU
		{A67A8A43-1EB8-4D9F-88EA-DD0190DAB669}.Debug|x64.Build.0 = Debug|Any CPU
		{A67A8A43-1EB8-4D9F-88EA-DD0190DAB669}.Debug|x86.ActiveCfg = Debug|Any CPU
		{A67A8A43-1EB8-4D9F-88EA-DD0190DAB669}.Debug|x86.Build.0 = Debug|Any CPU
		{A67A8A43-1EB8-4D9F-88EA-DD0190DAB669}.Release|Any CPU.ActiveCfg = Release|Any CPU
		{A67A8A43-1EB8-4D9F-88EA-DD0190DAB669}.Release|Any CPU.Build.0 = Release|Any CPU
		{A67A8A43-1EB8-4D9F-88EA-DD0190DAB669}.Release|x64.ActiveCfg = Release|Any CPU
		{A67A8A43-1EB8-4D9F-88EA-DD0190DAB669}.Release|x64.Build.0 = Release|Any CPU
		{A67A8A43-1EB8-4D9F-88EA-DD0190DAB669}.Release|x86.ActiveCfg = Release|Any CPU
		{A67A8A43-1EB8-4D9F-88EA-DD0190DAB669}.Release|x86.Build.0 = Release|Any CPU
		{47555584-D130-49EA-8EB8-A19694EE74B3}.Debug|Any CPU.ActiveCfg = Debug|Any CPU
		{47555584-D130-49EA-8EB8-A19694EE74B3}.Debug|Any CPU.Build.0 = Debug|Any CPU
		{47555584-D130-49EA-8EB8-A19694EE74B3}.Debug|x64.ActiveCfg = Debug|Any CPU
		{47555584-D130-49EA-8EB8-A19694EE74B3}.Debug|x64.Build.0 = Debug|Any CPU
		{47555584-D130-49EA-8EB8-A19694EE74B3}.Debug|x86.ActiveCfg = Debug|Any CPU
		{47555584-D130-49EA-8EB8-A19694EE74B3}.Debug|x86.Build.0 = Debug|Any CPU
		{47555584-D130-49EA-8EB8-A19694EE74B3}.Release|Any CPU.ActiveCfg = Release|Any CPU
		{47555584-D130-49EA-8EB8-A19694EE74B3}.Release|Any CPU.Build.0 = Release|Any CPU
		{47555584-D130-49EA-8EB8-A19694EE74B3}.Release|x64.ActiveCfg = Release|Any CPU
		{47555584-D130-49EA-8EB8-A19694EE74B3}.Release|x64.Build.0 = Release|Any CPU
		{47555584-D130-49EA-8EB8-A19694EE74B3}.Release|x86.ActiveCfg = Release|Any CPU
		{47555584-D130-49EA-8EB8-A19694EE74B3}.Release|x86.Build.0 = Release|Any CPU
		{D1E5F255-85DA-4C12-9B1E-6A16F380B43E}.Debug|Any CPU.ActiveCfg = Debug|Any CPU
		{D1E5F255-85DA-4C12-9B1E-6A16F380B43E}.Debug|Any CPU.Build.0 = Debug|Any CPU
		{D1E5F255-85DA-4C12-9B1E-6A16F380B43E}.Debug|x64.ActiveCfg = Debug|Any CPU
		{D1E5F255-85DA-4C12-9B1E-6A16F380B43E}.Debug|x64.Build.0 = Debug|Any CPU
		{D1E5F255-85DA-4C12-9B1E-6A16F380B43E}.Debug|x86.ActiveCfg = Debug|Any CPU
		{D1E5F255-85DA-4C12-9B1E-6A16F380B43E}.Debug|x86.Build.0 = Debug|Any CPU
		{D1E5F255-85DA-4C12-9B1E-6A16F380B43E}.Release|Any CPU.ActiveCfg = Release|Any CPU
		{D1E5F255-85DA-4C12-9B1E-6A16F380B43E}.Release|Any CPU.Build.0 = Release|Any CPU
		{D1E5F255-85DA-4C12-9B1E-6A16F380B43E}.Release|x64.ActiveCfg = Release|Any CPU
		{D1E5F255-85DA-4C12-9B1E-6A16F380B43E}.Release|x64.Build.0 = Release|Any CPU
		{D1E5F255-85DA-4C12-9B1E-6A16F380B43E}.Release|x86.ActiveCfg = Release|Any CPU
		{D1E5F255-85DA-4C12-9B1E-6A16F380B43E}.Release|x86.Build.0 = Release|Any CPU
	EndGlobalSection
	GlobalSection(NestedProjects) = preSolution
		{47555584-D130-49EA-8EB8-A19694EE74B3} = {A516DB64-7C5E-4A2E-8D14-9DFDA1C662C4}
		{3596FFC8-12F3-4D7A-9EA5-642C82059B9B} = {0F29801D-D095-4FA1-B6B4-D0776BF8050F}
		{928C13BB-D07E-4661-A2EB-995BA4D09E50} = {3BE579BC-5D70-4116-A236-B4E88A127AAF}
		{0A11F750-E791-4FBE-8A28-BF8EE43A3F0C} = {3BE579BC-5D70-4116-A236-B4E88A127AAF}
		{D1E5F255-85DA-4C12-9B1E-6A16F380B43E} = {A516DB64-7C5E-4A2E-8D14-9DFDA1C662C4}
		{F33FCAD1-A69C-41C1-A440-74AE39478EA2} = {0F29801D-D095-4FA1-B6B4-D0776BF8050F}
		{AA621F94-B898-446A-B9F9-05A80925EE69} = {83BB0646-67FD-470F-BF73-7CD04A98D2E2}
		{A67A8A43-1EB8-4D9F-88EA-DD0190DAB669} = {83BB0646-67FD-470F-BF73-7CD04A98D2E2}
	EndGlobalSection
EndGlobal
