Microsoft Visual Studio Solution File, Format Version 12.00
# Visual Studio Version 17
VisualStudioVersion = 17.5.33414.496
MinimumVisualStudioVersion = 15.0.26124.0
Project("{2150E333-8FDC-42A3-9474-1A3956D46DE8}") = "EMS", "EMS", "{A516DB64-7C5E-4A2E-8D14-9DFDA1C662C4}"
EndProject
Project("{2150E333-8FDC-42A3-9474-1A3956D46DE8}") = "AlfenNG9xx", "AlfenNG9xx", "{3BE579BC-5D70-4116-A236-B4E88A127AAF}"
EndProject
Project("{2150E333-8FDC-42A3-9474-1A3956D46DE8}") = "EMS.Library", "EMS.Library", "{0F29801D-D095-4FA1-B6B4-D0776BF8050F}"
EndProject
Project("{2150E333-8FDC-42A3-9474-1A3956D46DE8}") = "P1SmartMeter", "P1SmartMeter", "{83BB0646-67FD-470F-BF73-7CD04A98D2E2}"
EndProject
Project("{2150E333-8FDC-42A3-9474-1A3956D46DE8}") = "EPEXSPOT", "EPEXSPOT", "{07248039-F49C-4006-81B4-2C3C387AB06B}"
EndProject
Project("{9A19103F-16F7-4668-BE54-9A1E7A4F7556}") = "EMS", "EMS\EMS.csproj", "{182CA403-B833-4101-91CB-F94956AA4948}"
EndProject
Project("{9A19103F-16F7-4668-BE54-9A1E7A4F7556}") = "EMS.Unit.Tests", "EMS.Unit.Tests\EMS.Unit.Tests.csproj", "{8E0FF4F6-96D4-4A0F-9A73-6079BA46602C}"
EndProject
Project("{9A19103F-16F7-4668-BE54-9A1E7A4F7556}") = "EMS.WebHost", "EMS.WebHost\EMS.WebHost.csproj", "{DD7DAF7F-D900-43AF-8994-DBA811933EF1}"
EndProject
Project("{9A19103F-16F7-4668-BE54-9A1E7A4F7556}") = "AlfenNG9xx", "AlfenNG9xx\AlfenNG9xx.csproj", "{0CB403CA-F0C5-4DF0-A9D8-E4BCB9683E19}"
EndProject
Project("{9A19103F-16F7-4668-BE54-9A1E7A4F7556}") = "AlfenNG9xx.Unit.Tests", "AlfenNG9xx.Unit.Tests\AlfenNG9xx.Unit.Tests.csproj", "{C7FE57A6-A54E-4C96-9FCD-5A7CF16C2948}"
EndProject
Project("{9A19103F-16F7-4668-BE54-9A1E7A4F7556}") = "EMS.Library", "EMS.Library\EMS.Library.csproj", "{B8917859-C29E-41A8-965C-0B9D1BF9F05B}"
EndProject
Project("{9A19103F-16F7-4668-BE54-9A1E7A4F7556}") = "EMS.Library.Unit.Tests", "EMS.Library.Unit.Tests\EMS.Library.Unit.Tests.csproj", "{D5EDB823-B0A6-49B6-AF48-4D25D780585B}"
EndProject
Project("{9A19103F-16F7-4668-BE54-9A1E7A4F7556}") = "P1SmartMeter", "P1SmartMeter\P1SmartMeter.csproj", "{D59E7051-DFFE-472B-B225-E4C5D54921E3}"
EndProject
Project("{9A19103F-16F7-4668-BE54-9A1E7A4F7556}") = "P1SmartMeter.Unit.Tests", "P1SmartMeter.Unit.Tests\P1SmartMeter.Unit.Tests.csproj", "{ACCF1265-1764-4FAC-A0A9-10707AA9EBF7}"
EndProject
Project("{9A19103F-16F7-4668-BE54-9A1E7A4F7556}") = "EPEXSPOT", "EPEXSPOT\EPEXSPOT.csproj", "{04228069-8CE9-41C2-BB65-42516BAD5453}"
EndProject
Project("{9A19103F-16F7-4668-BE54-9A1E7A4F7556}") = "EPEXSPOT.Unit.Tests", "EPEXSPOT.Unit.Tests\EPEXSPOT.Unit.Tests.csproj", "{3F7B5C8F-1F4D-49F4-882E-BF8335E9926C}"
EndProject
Project("{9A19103F-16F7-4668-BE54-9A1E7A4F7556}") = "EMS.DataStore", "EMS.DataStore\EMS.DataStore.csproj", "{00DA061D-7FB7-4B52-B696-3411AA9F0684}"
EndProject
Project("{9A19103F-16F7-4668-BE54-9A1E7A4F7556}") = "EMS.WebHost.Unit.Tests", "EMS.WebHost.Unit.Tests\EMS.WebHost.Unit.Tests.csproj", "{83911BA4-7131-4EA1-A188-C135445CB755}"
EndProject
Project("{9A19103F-16F7-4668-BE54-9A1E7A4F7556}") = "EMS.WebHost.Integration.Tests", "EMS.WebHost.Integration.Tests\EMS.WebHost.Integration.Tests.csproj", "{3407FC39-81AD-480B-A630-A64A2C42F331}"
EndProject
Project("{FAE04EC0-301F-11D3-BF4B-00C04F79EFBC}") = "EMS.Library.Shared", "..\shared\EMS.Library.Shared\EMS.Library.Shared.csproj", "{D03D7ADF-FCFB-4569-A68C-1F5C43FAC169}"
EndProject
Global
	GlobalSection(SolutionConfigurationPlatforms) = preSolution
		Debug|Any CPU = Debug|Any CPU
		Debug|x64 = Debug|x64
		Debug|x86 = Debug|x86
		Default|Any CPU = Default|Any CPU
		Default|x64 = Default|x64
		Default|x86 = Default|x86
		Release|Any CPU = Release|Any CPU
		Release|x64 = Release|x64
		Release|x86 = Release|x86
	EndGlobalSection
	GlobalSection(ProjectConfigurationPlatforms) = postSolution
		{182CA403-B833-4101-91CB-F94956AA4948}.Debug|Any CPU.ActiveCfg = Debug|Any CPU
		{182CA403-B833-4101-91CB-F94956AA4948}.Debug|Any CPU.Build.0 = Debug|Any CPU
		{182CA403-B833-4101-91CB-F94956AA4948}.Debug|x64.ActiveCfg = Debug|Any CPU
		{182CA403-B833-4101-91CB-F94956AA4948}.Debug|x64.Build.0 = Debug|Any CPU
		{182CA403-B833-4101-91CB-F94956AA4948}.Debug|x86.ActiveCfg = Debug|Any CPU
		{182CA403-B833-4101-91CB-F94956AA4948}.Debug|x86.Build.0 = Debug|Any CPU
		{182CA403-B833-4101-91CB-F94956AA4948}.Default|Any CPU.ActiveCfg = Debug|Any CPU
		{182CA403-B833-4101-91CB-F94956AA4948}.Default|Any CPU.Build.0 = Debug|Any CPU
		{182CA403-B833-4101-91CB-F94956AA4948}.Default|x64.ActiveCfg = Debug|Any CPU
		{182CA403-B833-4101-91CB-F94956AA4948}.Default|x64.Build.0 = Debug|Any CPU
		{182CA403-B833-4101-91CB-F94956AA4948}.Default|x86.ActiveCfg = Debug|Any CPU
		{182CA403-B833-4101-91CB-F94956AA4948}.Default|x86.Build.0 = Debug|Any CPU
		{182CA403-B833-4101-91CB-F94956AA4948}.Release|Any CPU.ActiveCfg = Release|Any CPU
		{182CA403-B833-4101-91CB-F94956AA4948}.Release|Any CPU.Build.0 = Release|Any CPU
		{182CA403-B833-4101-91CB-F94956AA4948}.Release|x64.ActiveCfg = Release|Any CPU
		{182CA403-B833-4101-91CB-F94956AA4948}.Release|x64.Build.0 = Release|Any CPU
		{182CA403-B833-4101-91CB-F94956AA4948}.Release|x86.ActiveCfg = Release|Any CPU
		{182CA403-B833-4101-91CB-F94956AA4948}.Release|x86.Build.0 = Release|Any CPU
		{8E0FF4F6-96D4-4A0F-9A73-6079BA46602C}.Debug|Any CPU.ActiveCfg = Debug|Any CPU
		{8E0FF4F6-96D4-4A0F-9A73-6079BA46602C}.Debug|Any CPU.Build.0 = Debug|Any CPU
		{8E0FF4F6-96D4-4A0F-9A73-6079BA46602C}.Debug|x64.ActiveCfg = Debug|Any CPU
		{8E0FF4F6-96D4-4A0F-9A73-6079BA46602C}.Debug|x64.Build.0 = Debug|Any CPU
		{8E0FF4F6-96D4-4A0F-9A73-6079BA46602C}.Debug|x86.ActiveCfg = Debug|Any CPU
		{8E0FF4F6-96D4-4A0F-9A73-6079BA46602C}.Debug|x86.Build.0 = Debug|Any CPU
		{8E0FF4F6-96D4-4A0F-9A73-6079BA46602C}.Default|Any CPU.ActiveCfg = Debug|Any CPU
		{8E0FF4F6-96D4-4A0F-9A73-6079BA46602C}.Default|Any CPU.Build.0 = Debug|Any CPU
		{8E0FF4F6-96D4-4A0F-9A73-6079BA46602C}.Default|x64.ActiveCfg = Debug|Any CPU
		{8E0FF4F6-96D4-4A0F-9A73-6079BA46602C}.Default|x64.Build.0 = Debug|Any CPU
		{8E0FF4F6-96D4-4A0F-9A73-6079BA46602C}.Default|x86.ActiveCfg = Debug|Any CPU
		{8E0FF4F6-96D4-4A0F-9A73-6079BA46602C}.Default|x86.Build.0 = Debug|Any CPU
		{8E0FF4F6-96D4-4A0F-9A73-6079BA46602C}.Release|Any CPU.ActiveCfg = Release|Any CPU
		{8E0FF4F6-96D4-4A0F-9A73-6079BA46602C}.Release|Any CPU.Build.0 = Release|Any CPU
		{8E0FF4F6-96D4-4A0F-9A73-6079BA46602C}.Release|x64.ActiveCfg = Release|Any CPU
		{8E0FF4F6-96D4-4A0F-9A73-6079BA46602C}.Release|x64.Build.0 = Release|Any CPU
		{8E0FF4F6-96D4-4A0F-9A73-6079BA46602C}.Release|x86.ActiveCfg = Release|Any CPU
		{8E0FF4F6-96D4-4A0F-9A73-6079BA46602C}.Release|x86.Build.0 = Release|Any CPU
		{DD7DAF7F-D900-43AF-8994-DBA811933EF1}.Debug|Any CPU.ActiveCfg = Debug|Any CPU
		{DD7DAF7F-D900-43AF-8994-DBA811933EF1}.Debug|Any CPU.Build.0 = Debug|Any CPU
		{DD7DAF7F-D900-43AF-8994-DBA811933EF1}.Debug|x64.ActiveCfg = Debug|Any CPU
		{DD7DAF7F-D900-43AF-8994-DBA811933EF1}.Debug|x64.Build.0 = Debug|Any CPU
		{DD7DAF7F-D900-43AF-8994-DBA811933EF1}.Debug|x86.ActiveCfg = Debug|Any CPU
		{DD7DAF7F-D900-43AF-8994-DBA811933EF1}.Debug|x86.Build.0 = Debug|Any CPU
		{DD7DAF7F-D900-43AF-8994-DBA811933EF1}.Default|Any CPU.ActiveCfg = Debug|Any CPU
		{DD7DAF7F-D900-43AF-8994-DBA811933EF1}.Default|Any CPU.Build.0 = Debug|Any CPU
		{DD7DAF7F-D900-43AF-8994-DBA811933EF1}.Default|x64.ActiveCfg = Debug|Any CPU
		{DD7DAF7F-D900-43AF-8994-DBA811933EF1}.Default|x64.Build.0 = Debug|Any CPU
		{DD7DAF7F-D900-43AF-8994-DBA811933EF1}.Default|x86.ActiveCfg = Debug|Any CPU
		{DD7DAF7F-D900-43AF-8994-DBA811933EF1}.Default|x86.Build.0 = Debug|Any CPU
		{DD7DAF7F-D900-43AF-8994-DBA811933EF1}.Release|Any CPU.ActiveCfg = Release|Any CPU
		{DD7DAF7F-D900-43AF-8994-DBA811933EF1}.Release|Any CPU.Build.0 = Release|Any CPU
		{DD7DAF7F-D900-43AF-8994-DBA811933EF1}.Release|x64.ActiveCfg = Release|Any CPU
		{DD7DAF7F-D900-43AF-8994-DBA811933EF1}.Release|x64.Build.0 = Release|Any CPU
		{DD7DAF7F-D900-43AF-8994-DBA811933EF1}.Release|x86.ActiveCfg = Release|Any CPU
		{DD7DAF7F-D900-43AF-8994-DBA811933EF1}.Release|x86.Build.0 = Release|Any CPU
		{0CB403CA-F0C5-4DF0-A9D8-E4BCB9683E19}.Debug|Any CPU.ActiveCfg = Debug|Any CPU
		{0CB403CA-F0C5-4DF0-A9D8-E4BCB9683E19}.Debug|Any CPU.Build.0 = Debug|Any CPU
		{0CB403CA-F0C5-4DF0-A9D8-E4BCB9683E19}.Debug|x64.ActiveCfg = Debug|Any CPU
		{0CB403CA-F0C5-4DF0-A9D8-E4BCB9683E19}.Debug|x64.Build.0 = Debug|Any CPU
		{0CB403CA-F0C5-4DF0-A9D8-E4BCB9683E19}.Debug|x86.ActiveCfg = Debug|Any CPU
		{0CB403CA-F0C5-4DF0-A9D8-E4BCB9683E19}.Debug|x86.Build.0 = Debug|Any CPU
		{0CB403CA-F0C5-4DF0-A9D8-E4BCB9683E19}.Default|Any CPU.ActiveCfg = Debug|Any CPU
		{0CB403CA-F0C5-4DF0-A9D8-E4BCB9683E19}.Default|Any CPU.Build.0 = Debug|Any CPU
		{0CB403CA-F0C5-4DF0-A9D8-E4BCB9683E19}.Default|x64.ActiveCfg = Debug|Any CPU
		{0CB403CA-F0C5-4DF0-A9D8-E4BCB9683E19}.Default|x64.Build.0 = Debug|Any CPU
		{0CB403CA-F0C5-4DF0-A9D8-E4BCB9683E19}.Default|x86.ActiveCfg = Debug|Any CPU
		{0CB403CA-F0C5-4DF0-A9D8-E4BCB9683E19}.Default|x86.Build.0 = Debug|Any CPU
		{0CB403CA-F0C5-4DF0-A9D8-E4BCB9683E19}.Release|Any CPU.ActiveCfg = Release|Any CPU
		{0CB403CA-F0C5-4DF0-A9D8-E4BCB9683E19}.Release|Any CPU.Build.0 = Release|Any CPU
		{0CB403CA-F0C5-4DF0-A9D8-E4BCB9683E19}.Release|x64.ActiveCfg = Release|Any CPU
		{0CB403CA-F0C5-4DF0-A9D8-E4BCB9683E19}.Release|x64.Build.0 = Release|Any CPU
		{0CB403CA-F0C5-4DF0-A9D8-E4BCB9683E19}.Release|x86.ActiveCfg = Release|Any CPU
		{0CB403CA-F0C5-4DF0-A9D8-E4BCB9683E19}.Release|x86.Build.0 = Release|Any CPU
		{C7FE57A6-A54E-4C96-9FCD-5A7CF16C2948}.Debug|Any CPU.ActiveCfg = Debug|Any CPU
		{C7FE57A6-A54E-4C96-9FCD-5A7CF16C2948}.Debug|Any CPU.Build.0 = Debug|Any CPU
		{C7FE57A6-A54E-4C96-9FCD-5A7CF16C2948}.Debug|x64.ActiveCfg = Debug|Any CPU
		{C7FE57A6-A54E-4C96-9FCD-5A7CF16C2948}.Debug|x64.Build.0 = Debug|Any CPU
		{C7FE57A6-A54E-4C96-9FCD-5A7CF16C2948}.Debug|x86.ActiveCfg = Debug|Any CPU
		{C7FE57A6-A54E-4C96-9FCD-5A7CF16C2948}.Debug|x86.Build.0 = Debug|Any CPU
		{C7FE57A6-A54E-4C96-9FCD-5A7CF16C2948}.Default|Any CPU.ActiveCfg = Debug|Any CPU
		{C7FE57A6-A54E-4C96-9FCD-5A7CF16C2948}.Default|Any CPU.Build.0 = Debug|Any CPU
		{C7FE57A6-A54E-4C96-9FCD-5A7CF16C2948}.Default|x64.ActiveCfg = Debug|Any CPU
		{C7FE57A6-A54E-4C96-9FCD-5A7CF16C2948}.Default|x64.Build.0 = Debug|Any CPU
		{C7FE57A6-A54E-4C96-9FCD-5A7CF16C2948}.Default|x86.ActiveCfg = Debug|Any CPU
		{C7FE57A6-A54E-4C96-9FCD-5A7CF16C2948}.Default|x86.Build.0 = Debug|Any CPU
		{C7FE57A6-A54E-4C96-9FCD-5A7CF16C2948}.Release|Any CPU.ActiveCfg = Release|Any CPU
		{C7FE57A6-A54E-4C96-9FCD-5A7CF16C2948}.Release|Any CPU.Build.0 = Release|Any CPU
		{C7FE57A6-A54E-4C96-9FCD-5A7CF16C2948}.Release|x64.ActiveCfg = Release|Any CPU
		{C7FE57A6-A54E-4C96-9FCD-5A7CF16C2948}.Release|x64.Build.0 = Release|Any CPU
		{C7FE57A6-A54E-4C96-9FCD-5A7CF16C2948}.Release|x86.ActiveCfg = Release|Any CPU
		{C7FE57A6-A54E-4C96-9FCD-5A7CF16C2948}.Release|x86.Build.0 = Release|Any CPU
		{B8917859-C29E-41A8-965C-0B9D1BF9F05B}.Debug|Any CPU.ActiveCfg = Debug|Any CPU
		{B8917859-C29E-41A8-965C-0B9D1BF9F05B}.Debug|Any CPU.Build.0 = Debug|Any CPU
		{B8917859-C29E-41A8-965C-0B9D1BF9F05B}.Debug|x64.ActiveCfg = Debug|Any CPU
		{B8917859-C29E-41A8-965C-0B9D1BF9F05B}.Debug|x64.Build.0 = Debug|Any CPU
		{B8917859-C29E-41A8-965C-0B9D1BF9F05B}.Debug|x86.ActiveCfg = Debug|Any CPU
		{B8917859-C29E-41A8-965C-0B9D1BF9F05B}.Debug|x86.Build.0 = Debug|Any CPU
		{B8917859-C29E-41A8-965C-0B9D1BF9F05B}.Default|Any CPU.ActiveCfg = Debug|Any CPU
		{B8917859-C29E-41A8-965C-0B9D1BF9F05B}.Default|Any CPU.Build.0 = Debug|Any CPU
		{B8917859-C29E-41A8-965C-0B9D1BF9F05B}.Default|x64.ActiveCfg = Debug|Any CPU
		{B8917859-C29E-41A8-965C-0B9D1BF9F05B}.Default|x64.Build.0 = Debug|Any CPU
		{B8917859-C29E-41A8-965C-0B9D1BF9F05B}.Default|x86.ActiveCfg = Debug|Any CPU
		{B8917859-C29E-41A8-965C-0B9D1BF9F05B}.Default|x86.Build.0 = Debug|Any CPU
		{B8917859-C29E-41A8-965C-0B9D1BF9F05B}.Release|Any CPU.ActiveCfg = Release|Any CPU
		{B8917859-C29E-41A8-965C-0B9D1BF9F05B}.Release|Any CPU.Build.0 = Release|Any CPU
		{B8917859-C29E-41A8-965C-0B9D1BF9F05B}.Release|x64.ActiveCfg = Release|Any CPU
		{B8917859-C29E-41A8-965C-0B9D1BF9F05B}.Release|x64.Build.0 = Release|Any CPU
		{B8917859-C29E-41A8-965C-0B9D1BF9F05B}.Release|x86.ActiveCfg = Release|Any CPU
		{B8917859-C29E-41A8-965C-0B9D1BF9F05B}.Release|x86.Build.0 = Release|Any CPU
		{D5EDB823-B0A6-49B6-AF48-4D25D780585B}.Debug|Any CPU.ActiveCfg = Debug|Any CPU
		{D5EDB823-B0A6-49B6-AF48-4D25D780585B}.Debug|Any CPU.Build.0 = Debug|Any CPU
		{D5EDB823-B0A6-49B6-AF48-4D25D780585B}.Debug|x64.ActiveCfg = Debug|Any CPU
		{D5EDB823-B0A6-49B6-AF48-4D25D780585B}.Debug|x64.Build.0 = Debug|Any CPU
		{D5EDB823-B0A6-49B6-AF48-4D25D780585B}.Debug|x86.ActiveCfg = Debug|Any CPU
		{D5EDB823-B0A6-49B6-AF48-4D25D780585B}.Debug|x86.Build.0 = Debug|Any CPU
		{D5EDB823-B0A6-49B6-AF48-4D25D780585B}.Default|Any CPU.ActiveCfg = Debug|Any CPU
		{D5EDB823-B0A6-49B6-AF48-4D25D780585B}.Default|Any CPU.Build.0 = Debug|Any CPU
		{D5EDB823-B0A6-49B6-AF48-4D25D780585B}.Default|x64.ActiveCfg = Debug|Any CPU
		{D5EDB823-B0A6-49B6-AF48-4D25D780585B}.Default|x64.Build.0 = Debug|Any CPU
		{D5EDB823-B0A6-49B6-AF48-4D25D780585B}.Default|x86.ActiveCfg = Debug|Any CPU
		{D5EDB823-B0A6-49B6-AF48-4D25D780585B}.Default|x86.Build.0 = Debug|Any CPU
		{D5EDB823-B0A6-49B6-AF48-4D25D780585B}.Release|Any CPU.ActiveCfg = Release|Any CPU
		{D5EDB823-B0A6-49B6-AF48-4D25D780585B}.Release|Any CPU.Build.0 = Release|Any CPU
		{D5EDB823-B0A6-49B6-AF48-4D25D780585B}.Release|x64.ActiveCfg = Release|Any CPU
		{D5EDB823-B0A6-49B6-AF48-4D25D780585B}.Release|x64.Build.0 = Release|Any CPU
		{D5EDB823-B0A6-49B6-AF48-4D25D780585B}.Release|x86.ActiveCfg = Release|Any CPU
		{D5EDB823-B0A6-49B6-AF48-4D25D780585B}.Release|x86.Build.0 = Release|Any CPU
		{D59E7051-DFFE-472B-B225-E4C5D54921E3}.Debug|Any CPU.ActiveCfg = Debug|Any CPU
		{D59E7051-DFFE-472B-B225-E4C5D54921E3}.Debug|Any CPU.Build.0 = Debug|Any CPU
		{D59E7051-DFFE-472B-B225-E4C5D54921E3}.Debug|x64.ActiveCfg = Debug|Any CPU
		{D59E7051-DFFE-472B-B225-E4C5D54921E3}.Debug|x64.Build.0 = Debug|Any CPU
		{D59E7051-DFFE-472B-B225-E4C5D54921E3}.Debug|x86.ActiveCfg = Debug|Any CPU
		{D59E7051-DFFE-472B-B225-E4C5D54921E3}.Debug|x86.Build.0 = Debug|Any CPU
		{D59E7051-DFFE-472B-B225-E4C5D54921E3}.Default|Any CPU.ActiveCfg = Debug|Any CPU
		{D59E7051-DFFE-472B-B225-E4C5D54921E3}.Default|Any CPU.Build.0 = Debug|Any CPU
		{D59E7051-DFFE-472B-B225-E4C5D54921E3}.Default|x64.ActiveCfg = Debug|Any CPU
		{D59E7051-DFFE-472B-B225-E4C5D54921E3}.Default|x64.Build.0 = Debug|Any CPU
		{D59E7051-DFFE-472B-B225-E4C5D54921E3}.Default|x86.ActiveCfg = Debug|Any CPU
		{D59E7051-DFFE-472B-B225-E4C5D54921E3}.Default|x86.Build.0 = Debug|Any CPU
		{D59E7051-DFFE-472B-B225-E4C5D54921E3}.Release|Any CPU.ActiveCfg = Release|Any CPU
		{D59E7051-DFFE-472B-B225-E4C5D54921E3}.Release|Any CPU.Build.0 = Release|Any CPU
		{D59E7051-DFFE-472B-B225-E4C5D54921E3}.Release|x64.ActiveCfg = Release|Any CPU
		{D59E7051-DFFE-472B-B225-E4C5D54921E3}.Release|x64.Build.0 = Release|Any CPU
		{D59E7051-DFFE-472B-B225-E4C5D54921E3}.Release|x86.ActiveCfg = Release|Any CPU
		{D59E7051-DFFE-472B-B225-E4C5D54921E3}.Release|x86.Build.0 = Release|Any CPU
		{ACCF1265-1764-4FAC-A0A9-10707AA9EBF7}.Debug|Any CPU.ActiveCfg = Debug|Any CPU
		{ACCF1265-1764-4FAC-A0A9-10707AA9EBF7}.Debug|Any CPU.Build.0 = Debug|Any CPU
		{ACCF1265-1764-4FAC-A0A9-10707AA9EBF7}.Debug|x64.ActiveCfg = Debug|Any CPU
		{ACCF1265-1764-4FAC-A0A9-10707AA9EBF7}.Debug|x64.Build.0 = Debug|Any CPU
		{ACCF1265-1764-4FAC-A0A9-10707AA9EBF7}.Debug|x86.ActiveCfg = Debug|Any CPU
		{ACCF1265-1764-4FAC-A0A9-10707AA9EBF7}.Debug|x86.Build.0 = Debug|Any CPU
		{ACCF1265-1764-4FAC-A0A9-10707AA9EBF7}.Default|Any CPU.ActiveCfg = Debug|Any CPU
		{ACCF1265-1764-4FAC-A0A9-10707AA9EBF7}.Default|Any CPU.Build.0 = Debug|Any CPU
		{ACCF1265-1764-4FAC-A0A9-10707AA9EBF7}.Default|x64.ActiveCfg = Debug|Any CPU
		{ACCF1265-1764-4FAC-A0A9-10707AA9EBF7}.Default|x64.Build.0 = Debug|Any CPU
		{ACCF1265-1764-4FAC-A0A9-10707AA9EBF7}.Default|x86.ActiveCfg = Debug|Any CPU
		{ACCF1265-1764-4FAC-A0A9-10707AA9EBF7}.Default|x86.Build.0 = Debug|Any CPU
		{ACCF1265-1764-4FAC-A0A9-10707AA9EBF7}.Release|Any CPU.ActiveCfg = Release|Any CPU
		{ACCF1265-1764-4FAC-A0A9-10707AA9EBF7}.Release|Any CPU.Build.0 = Release|Any CPU
		{ACCF1265-1764-4FAC-A0A9-10707AA9EBF7}.Release|x64.ActiveCfg = Release|Any CPU
		{ACCF1265-1764-4FAC-A0A9-10707AA9EBF7}.Release|x64.Build.0 = Release|Any CPU
		{ACCF1265-1764-4FAC-A0A9-10707AA9EBF7}.Release|x86.ActiveCfg = Release|Any CPU
		{ACCF1265-1764-4FAC-A0A9-10707AA9EBF7}.Release|x86.Build.0 = Release|Any CPU
		{04228069-8CE9-41C2-BB65-42516BAD5453}.Debug|Any CPU.ActiveCfg = Debug|Any CPU
		{04228069-8CE9-41C2-BB65-42516BAD5453}.Debug|Any CPU.Build.0 = Debug|Any CPU
		{04228069-8CE9-41C2-BB65-42516BAD5453}.Debug|x64.ActiveCfg = Debug|Any CPU
		{04228069-8CE9-41C2-BB65-42516BAD5453}.Debug|x64.Build.0 = Debug|Any CPU
		{04228069-8CE9-41C2-BB65-42516BAD5453}.Debug|x86.ActiveCfg = Debug|Any CPU
		{04228069-8CE9-41C2-BB65-42516BAD5453}.Debug|x86.Build.0 = Debug|Any CPU
		{04228069-8CE9-41C2-BB65-42516BAD5453}.Default|Any CPU.ActiveCfg = Debug|Any CPU
		{04228069-8CE9-41C2-BB65-42516BAD5453}.Default|Any CPU.Build.0 = Debug|Any CPU
		{04228069-8CE9-41C2-BB65-42516BAD5453}.Default|x64.ActiveCfg = Debug|Any CPU
		{04228069-8CE9-41C2-BB65-42516BAD5453}.Default|x64.Build.0 = Debug|Any CPU
		{04228069-8CE9-41C2-BB65-42516BAD5453}.Default|x86.ActiveCfg = Debug|Any CPU
		{04228069-8CE9-41C2-BB65-42516BAD5453}.Default|x86.Build.0 = Debug|Any CPU
		{04228069-8CE9-41C2-BB65-42516BAD5453}.Release|Any CPU.ActiveCfg = Release|Any CPU
		{04228069-8CE9-41C2-BB65-42516BAD5453}.Release|Any CPU.Build.0 = Release|Any CPU
		{04228069-8CE9-41C2-BB65-42516BAD5453}.Release|x64.ActiveCfg = Release|Any CPU
		{04228069-8CE9-41C2-BB65-42516BAD5453}.Release|x64.Build.0 = Release|Any CPU
		{04228069-8CE9-41C2-BB65-42516BAD5453}.Release|x86.ActiveCfg = Release|Any CPU
		{04228069-8CE9-41C2-BB65-42516BAD5453}.Release|x86.Build.0 = Release|Any CPU
		{3F7B5C8F-1F4D-49F4-882E-BF8335E9926C}.Debug|Any CPU.ActiveCfg = Debug|Any CPU
		{3F7B5C8F-1F4D-49F4-882E-BF8335E9926C}.Debug|Any CPU.Build.0 = Debug|Any CPU
		{3F7B5C8F-1F4D-49F4-882E-BF8335E9926C}.Debug|x64.ActiveCfg = Debug|Any CPU
		{3F7B5C8F-1F4D-49F4-882E-BF8335E9926C}.Debug|x64.Build.0 = Debug|Any CPU
		{3F7B5C8F-1F4D-49F4-882E-BF8335E9926C}.Debug|x86.ActiveCfg = Debug|Any CPU
		{3F7B5C8F-1F4D-49F4-882E-BF8335E9926C}.Debug|x86.Build.0 = Debug|Any CPU
		{3F7B5C8F-1F4D-49F4-882E-BF8335E9926C}.Default|Any CPU.ActiveCfg = Debug|Any CPU
		{3F7B5C8F-1F4D-49F4-882E-BF8335E9926C}.Default|Any CPU.Build.0 = Debug|Any CPU
		{3F7B5C8F-1F4D-49F4-882E-BF8335E9926C}.Default|x64.ActiveCfg = Debug|Any CPU
		{3F7B5C8F-1F4D-49F4-882E-BF8335E9926C}.Default|x64.Build.0 = Debug|Any CPU
		{3F7B5C8F-1F4D-49F4-882E-BF8335E9926C}.Default|x86.ActiveCfg = Debug|Any CPU
		{3F7B5C8F-1F4D-49F4-882E-BF8335E9926C}.Default|x86.Build.0 = Debug|Any CPU
		{3F7B5C8F-1F4D-49F4-882E-BF8335E9926C}.Release|Any CPU.ActiveCfg = Release|Any CPU
		{3F7B5C8F-1F4D-49F4-882E-BF8335E9926C}.Release|Any CPU.Build.0 = Release|Any CPU
		{3F7B5C8F-1F4D-49F4-882E-BF8335E9926C}.Release|x64.ActiveCfg = Release|Any CPU
		{3F7B5C8F-1F4D-49F4-882E-BF8335E9926C}.Release|x64.Build.0 = Release|Any CPU
		{3F7B5C8F-1F4D-49F4-882E-BF8335E9926C}.Release|x86.ActiveCfg = Release|Any CPU
		{3F7B5C8F-1F4D-49F4-882E-BF8335E9926C}.Release|x86.Build.0 = Release|Any CPU
		{00DA061D-7FB7-4B52-B696-3411AA9F0684}.Debug|Any CPU.ActiveCfg = Debug|Any CPU
		{00DA061D-7FB7-4B52-B696-3411AA9F0684}.Debug|Any CPU.Build.0 = Debug|Any CPU
		{00DA061D-7FB7-4B52-B696-3411AA9F0684}.Debug|x64.ActiveCfg = Debug|Any CPU
		{00DA061D-7FB7-4B52-B696-3411AA9F0684}.Debug|x64.Build.0 = Debug|Any CPU
		{00DA061D-7FB7-4B52-B696-3411AA9F0684}.Debug|x86.ActiveCfg = Debug|Any CPU
		{00DA061D-7FB7-4B52-B696-3411AA9F0684}.Debug|x86.Build.0 = Debug|Any CPU
		{00DA061D-7FB7-4B52-B696-3411AA9F0684}.Default|Any CPU.ActiveCfg = Debug|Any CPU
		{00DA061D-7FB7-4B52-B696-3411AA9F0684}.Default|Any CPU.Build.0 = Debug|Any CPU
		{00DA061D-7FB7-4B52-B696-3411AA9F0684}.Default|x64.ActiveCfg = Debug|Any CPU
		{00DA061D-7FB7-4B52-B696-3411AA9F0684}.Default|x64.Build.0 = Debug|Any CPU
		{00DA061D-7FB7-4B52-B696-3411AA9F0684}.Default|x86.ActiveCfg = Debug|Any CPU
		{00DA061D-7FB7-4B52-B696-3411AA9F0684}.Default|x86.Build.0 = Debug|Any CPU
		{00DA061D-7FB7-4B52-B696-3411AA9F0684}.Release|Any CPU.ActiveCfg = Release|Any CPU
		{00DA061D-7FB7-4B52-B696-3411AA9F0684}.Release|Any CPU.Build.0 = Release|Any CPU
		{00DA061D-7FB7-4B52-B696-3411AA9F0684}.Release|x64.ActiveCfg = Release|Any CPU
		{00DA061D-7FB7-4B52-B696-3411AA9F0684}.Release|x64.Build.0 = Release|Any CPU
		{00DA061D-7FB7-4B52-B696-3411AA9F0684}.Release|x86.ActiveCfg = Release|Any CPU
		{00DA061D-7FB7-4B52-B696-3411AA9F0684}.Release|x86.Build.0 = Release|Any CPU
		{83911BA4-7131-4EA1-A188-C135445CB755}.Debug|Any CPU.ActiveCfg = Debug|Any CPU
		{83911BA4-7131-4EA1-A188-C135445CB755}.Debug|Any CPU.Build.0 = Debug|Any CPU
		{83911BA4-7131-4EA1-A188-C135445CB755}.Debug|x64.ActiveCfg = Debug|Any CPU
		{83911BA4-7131-4EA1-A188-C135445CB755}.Debug|x64.Build.0 = Debug|Any CPU
		{83911BA4-7131-4EA1-A188-C135445CB755}.Debug|x86.ActiveCfg = Debug|Any CPU
		{83911BA4-7131-4EA1-A188-C135445CB755}.Debug|x86.Build.0 = Debug|Any CPU
		{83911BA4-7131-4EA1-A188-C135445CB755}.Default|Any CPU.ActiveCfg = Debug|Any CPU
		{83911BA4-7131-4EA1-A188-C135445CB755}.Default|Any CPU.Build.0 = Debug|Any CPU
		{83911BA4-7131-4EA1-A188-C135445CB755}.Default|x64.ActiveCfg = Debug|Any CPU
		{83911BA4-7131-4EA1-A188-C135445CB755}.Default|x64.Build.0 = Debug|Any CPU
		{83911BA4-7131-4EA1-A188-C135445CB755}.Default|x86.ActiveCfg = Debug|Any CPU
		{83911BA4-7131-4EA1-A188-C135445CB755}.Default|x86.Build.0 = Debug|Any CPU
		{83911BA4-7131-4EA1-A188-C135445CB755}.Release|Any CPU.ActiveCfg = Release|Any CPU
		{83911BA4-7131-4EA1-A188-C135445CB755}.Release|Any CPU.Build.0 = Release|Any CPU
		{83911BA4-7131-4EA1-A188-C135445CB755}.Release|x64.ActiveCfg = Release|Any CPU
		{83911BA4-7131-4EA1-A188-C135445CB755}.Release|x64.Build.0 = Release|Any CPU
		{83911BA4-7131-4EA1-A188-C135445CB755}.Release|x86.ActiveCfg = Release|Any CPU
		{83911BA4-7131-4EA1-A188-C135445CB755}.Release|x86.Build.0 = Release|Any CPU
		{3407FC39-81AD-480B-A630-A64A2C42F331}.Debug|Any CPU.ActiveCfg = Debug|Any CPU
		{3407FC39-81AD-480B-A630-A64A2C42F331}.Debug|Any CPU.Build.0 = Debug|Any CPU
		{3407FC39-81AD-480B-A630-A64A2C42F331}.Debug|x64.ActiveCfg = Debug|Any CPU
		{3407FC39-81AD-480B-A630-A64A2C42F331}.Debug|x64.Build.0 = Debug|Any CPU
		{3407FC39-81AD-480B-A630-A64A2C42F331}.Debug|x86.ActiveCfg = Debug|Any CPU
		{3407FC39-81AD-480B-A630-A64A2C42F331}.Debug|x86.Build.0 = Debug|Any CPU
		{3407FC39-81AD-480B-A630-A64A2C42F331}.Default|Any CPU.ActiveCfg = Debug|Any CPU
		{3407FC39-81AD-480B-A630-A64A2C42F331}.Default|Any CPU.Build.0 = Debug|Any CPU
		{3407FC39-81AD-480B-A630-A64A2C42F331}.Default|x64.ActiveCfg = Debug|Any CPU
		{3407FC39-81AD-480B-A630-A64A2C42F331}.Default|x64.Build.0 = Debug|Any CPU
		{3407FC39-81AD-480B-A630-A64A2C42F331}.Default|x86.ActiveCfg = Debug|Any CPU
		{3407FC39-81AD-480B-A630-A64A2C42F331}.Default|x86.Build.0 = Debug|Any CPU
		{3407FC39-81AD-480B-A630-A64A2C42F331}.Release|Any CPU.ActiveCfg = Release|Any CPU
		{3407FC39-81AD-480B-A630-A64A2C42F331}.Release|Any CPU.Build.0 = Release|Any CPU
		{3407FC39-81AD-480B-A630-A64A2C42F331}.Release|x64.ActiveCfg = Release|Any CPU
		{3407FC39-81AD-480B-A630-A64A2C42F331}.Release|x64.Build.0 = Release|Any CPU
		{3407FC39-81AD-480B-A630-A64A2C42F331}.Release|x86.ActiveCfg = Release|Any CPU
		{3407FC39-81AD-480B-A630-A64A2C42F331}.Release|x86.Build.0 = Release|Any CPU
		{D03D7ADF-FCFB-4569-A68C-1F5C43FAC169}.Debug|Any CPU.ActiveCfg = Debug|Any CPU
		{D03D7ADF-FCFB-4569-A68C-1F5C43FAC169}.Debug|Any CPU.Build.0 = Debug|Any CPU
		{D03D7ADF-FCFB-4569-A68C-1F5C43FAC169}.Debug|x64.ActiveCfg = Debug|Any CPU
		{D03D7ADF-FCFB-4569-A68C-1F5C43FAC169}.Debug|x64.Build.0 = Debug|Any CPU
		{D03D7ADF-FCFB-4569-A68C-1F5C43FAC169}.Debug|x86.ActiveCfg = Debug|Any CPU
		{D03D7ADF-FCFB-4569-A68C-1F5C43FAC169}.Debug|x86.Build.0 = Debug|Any CPU
		{D03D7ADF-FCFB-4569-A68C-1F5C43FAC169}.Default|Any CPU.ActiveCfg = Debug|Any CPU
		{D03D7ADF-FCFB-4569-A68C-1F5C43FAC169}.Default|Any CPU.Build.0 = Debug|Any CPU
		{D03D7ADF-FCFB-4569-A68C-1F5C43FAC169}.Default|x64.ActiveCfg = Debug|Any CPU
		{D03D7ADF-FCFB-4569-A68C-1F5C43FAC169}.Default|x64.Build.0 = Debug|Any CPU
		{D03D7ADF-FCFB-4569-A68C-1F5C43FAC169}.Default|x86.ActiveCfg = Debug|Any CPU
		{D03D7ADF-FCFB-4569-A68C-1F5C43FAC169}.Default|x86.Build.0 = Debug|Any CPU
		{D03D7ADF-FCFB-4569-A68C-1F5C43FAC169}.Release|Any CPU.ActiveCfg = Release|Any CPU
		{D03D7ADF-FCFB-4569-A68C-1F5C43FAC169}.Release|Any CPU.Build.0 = Release|Any CPU
		{D03D7ADF-FCFB-4569-A68C-1F5C43FAC169}.Release|x64.ActiveCfg = Release|Any CPU
		{D03D7ADF-FCFB-4569-A68C-1F5C43FAC169}.Release|x64.Build.0 = Release|Any CPU
		{D03D7ADF-FCFB-4569-A68C-1F5C43FAC169}.Release|x86.ActiveCfg = Release|Any CPU
		{D03D7ADF-FCFB-4569-A68C-1F5C43FAC169}.Release|x86.Build.0 = Release|Any CPU
	EndGlobalSection
	GlobalSection(SolutionProperties) = preSolution
		HideSolutionNode = FALSE
	EndGlobalSection
	GlobalSection(NestedProjects) = preSolution
		{182CA403-B833-4101-91CB-F94956AA4948} = {A516DB64-7C5E-4A2E-8D14-9DFDA1C662C4}
		{8E0FF4F6-96D4-4A0F-9A73-6079BA46602C} = {A516DB64-7C5E-4A2E-8D14-9DFDA1C662C4}
		{DD7DAF7F-D900-43AF-8994-DBA811933EF1} = {A516DB64-7C5E-4A2E-8D14-9DFDA1C662C4}
		{0CB403CA-F0C5-4DF0-A9D8-E4BCB9683E19} = {3BE579BC-5D70-4116-A236-B4E88A127AAF}
		{C7FE57A6-A54E-4C96-9FCD-5A7CF16C2948} = {3BE579BC-5D70-4116-A236-B4E88A127AAF}
		{B8917859-C29E-41A8-965C-0B9D1BF9F05B} = {0F29801D-D095-4FA1-B6B4-D0776BF8050F}
		{D5EDB823-B0A6-49B6-AF48-4D25D780585B} = {0F29801D-D095-4FA1-B6B4-D0776BF8050F}
		{D59E7051-DFFE-472B-B225-E4C5D54921E3} = {83BB0646-67FD-470F-BF73-7CD04A98D2E2}
		{ACCF1265-1764-4FAC-A0A9-10707AA9EBF7} = {83BB0646-67FD-470F-BF73-7CD04A98D2E2}
		{04228069-8CE9-41C2-BB65-42516BAD5453} = {07248039-F49C-4006-81B4-2C3C387AB06B}
		{3F7B5C8F-1F4D-49F4-882E-BF8335E9926C} = {07248039-F49C-4006-81B4-2C3C387AB06B}
		{00DA061D-7FB7-4B52-B696-3411AA9F0684} = {A516DB64-7C5E-4A2E-8D14-9DFDA1C662C4}
		{83911BA4-7131-4EA1-A188-C135445CB755} = {A516DB64-7C5E-4A2E-8D14-9DFDA1C662C4}
		{3407FC39-81AD-480B-A630-A64A2C42F331} = {A516DB64-7C5E-4A2E-8D14-9DFDA1C662C4}
		{D03D7ADF-FCFB-4569-A68C-1F5C43FAC169} = {0F29801D-D095-4FA1-B6B4-D0776BF8050F}
	EndGlobalSection
	GlobalSection(ExtensibilityGlobals) = postSolution
		SolutionGuid = {565712F6-81D3-4511-A954-CD8AB5360602}
	EndGlobalSection
EndGlobal
