
Microsoft Visual Studio Solution File, Format Version 12.00
# Visual Studio 15
VisualStudioVersion = 15.0.26124.0
MinimumVisualStudioVersion = 15.0.26124.0
Project("{2150E333-8FDC-42A3-9474-1A3956D46DE8}") = "EMS", "EMS", "{A516DB64-7C5E-4A2E-8D14-9DFDA1C662C4}"
EndProject
Project("{2150E333-8FDC-42A3-9474-1A3956D46DE8}") = "AlfenNG9xx", "AlfenNG9xx", "{3BE579BC-5D70-4116-A236-B4E88A127AAF}"
EndProject
Project("{2150E333-8FDC-42A3-9474-1A3956D46DE8}") = "EMS.Library", "EMS.Library", "{0F29801D-D095-4FA1-B6B4-D0776BF8050F}"
EndProject
Project("{2150E333-8FDC-42A3-9474-1A3956D46DE8}") = "P1SmartMeter", "P1SmartMeter", "{83BB0646-67FD-470F-BF73-7CD04A98D2E2}"
EndProject
Project("{2150E333-8FDC-42A3-9474-1A3956D46DE8}") = "EPEXSPOT", "EPEXSPOT", "{07248039-F49C-4006-81B4-2C3C387AB06B}"
EndProject
Project("{FAE04EC0-301F-11D3-BF4B-00C04F79EFBC}") = "EMS", "EMS\EMS.csproj", "{182CA403-B833-4101-91CB-F94956AA4948}"
EndProject
Project("{FAE04EC0-301F-11D3-BF4B-00C04F79EFBC}") = "EMS.Tests", "EMS.Tests\EMS.Tests.csproj", "{8E0FF4F6-96D4-4A0F-9A73-6079BA46602C}"
EndProject
Project("{FAE04EC0-301F-11D3-BF4B-00C04F79EFBC}") = "EMS.WebHost", "EMS.WebHost\EMS.WebHost.csproj", "{DD7DAF7F-D900-43AF-8994-DBA811933EF1}"
EndProject
Project("{FAE04EC0-301F-11D3-BF4B-00C04F79EFBC}") = "AlfenNG9xx", "AlfenNG9xx\AlfenNG9xx.csproj", "{0CB403CA-F0C5-4DF0-A9D8-E4BCB9683E19}"
EndProject
Project("{FAE04EC0-301F-11D3-BF4B-00C04F79EFBC}") = "AlfenNG9xx.Tests", "AlfenNG9xx.Tests\AlfenNG9xx.Tests.csproj", "{C7FE57A6-A54E-4C96-9FCD-5A7CF16C2948}"
EndProject
Project("{FAE04EC0-301F-11D3-BF4B-00C04F79EFBC}") = "EMS.Library", "EMS.Library\EMS.Library.csproj", "{B8917859-C29E-41A8-965C-0B9D1BF9F05B}"
EndProject
Project("{FAE04EC0-301F-11D3-BF4B-00C04F79EFBC}") = "EMS.Library.Tests", "EMS.Library.Tests\EMS.Library.Tests.csproj", "{D5EDB823-B0A6-49B6-AF48-4D25D780585B}"
EndProject
Project("{FAE04EC0-301F-11D3-BF4B-00C04F79EFBC}") = "P1SmartMeter", "P1SmartMeter\P1SmartMeter.csproj", "{D59E7051-DFFE-472B-B225-E4C5D54921E3}"
EndProject
Project("{FAE04EC0-301F-11D3-BF4B-00C04F79EFBC}") = "P1SmartMeter.Tests", "P1SmartMeter.Tests\P1SmartMeter.Tests.csproj", "{ACCF1265-1764-4FAC-A0A9-10707AA9EBF7}"
EndProject
Project("{FAE04EC0-301F-11D3-BF4B-00C04F79EFBC}") = "EPEXSPOT", "EPEXSPOT\EPEXSPOT.csproj", "{04228069-8CE9-41C2-BB65-42516BAD5453}"
EndProject
Project("{FAE04EC0-301F-11D3-BF4B-00C04F79EFBC}") = "EPEXSPOT.Tests", "EPEXSPOT.Tests\EPEXSPOT.Tests.csproj", "{3F7B5C8F-1F4D-49F4-882E-BF8335E9926C}"
EndProject
Project("{FAE04EC0-301F-11D3-BF4B-00C04F79EFBC}") = "EMS.DataStore", "EMS.DataStore\EMS.DataStore.csproj", "{EC184F97-1A53-4A91-A65D-866F96F2956A}"
EndProject
Global
	GlobalSection(SolutionConfigurationPlatforms) = preSolution
		Debug|Any CPU = Debug|Any CPU
		Debug|x64 = Debug|x64
		Debug|x86 = Debug|x86
		Release|Any CPU = Release|Any CPU
		Release|x64 = Release|x64
		Release|x86 = Release|x86
		Default|Any CPU = Default|Any CPU
	EndGlobalSection
	GlobalSection(SolutionProperties) = preSolution
		HideSolutionNode = FALSE
	EndGlobalSection
	GlobalSection(ProjectConfigurationPlatforms) = postSolution
		{182CA403-B833-4101-91CB-F94956AA4948}.Debug|Any CPU.ActiveCfg = Debug|Any CPU
		{182CA403-B833-4101-91CB-F94956AA4948}.Debug|Any CPU.Build.0 = Debug|Any CPU
		{182CA403-B833-4101-91CB-F94956AA4948}.Debug|x64.ActiveCfg = Debug|Any CPU
		{182CA403-B833-4101-91CB-F94956AA4948}.Debug|x64.Build.0 = Debug|Any CPU
		{182CA403-B833-4101-91CB-F94956AA4948}.Debug|x86.ActiveCfg = Debug|Any CPU
		{182CA403-B833-4101-91CB-F94956AA4948}.Debug|x86.Build.0 = Debug|Any CPU
		{182CA403-B833-4101-91CB-F94956AA4948}.Release|Any CPU.ActiveCfg = Release|Any CPU
		{182CA403-B833-4101-91CB-F94956AA4948}.Release|Any CPU.Build.0 = Release|Any CPU
		{182CA403-B833-4101-91CB-F94956AA4948}.Release|x64.ActiveCfg = Release|Any CPU
		{182CA403-B833-4101-91CB-F94956AA4948}.Release|x64.Build.0 = Release|Any CPU
		{182CA403-B833-4101-91CB-F94956AA4948}.Release|x86.ActiveCfg = Release|Any CPU
		{182CA403-B833-4101-91CB-F94956AA4948}.Release|x86.Build.0 = Release|Any CPU
		{182CA403-B833-4101-91CB-F94956AA4948}.Default|Any CPU.ActiveCfg = Debug|Any CPU
		{182CA403-B833-4101-91CB-F94956AA4948}.Default|Any CPU.Build.0 = Debug|Any CPU
		{8E0FF4F6-96D4-4A0F-9A73-6079BA46602C}.Debug|Any CPU.ActiveCfg = Debug|Any CPU
		{8E0FF4F6-96D4-4A0F-9A73-6079BA46602C}.Debug|Any CPU.Build.0 = Debug|Any CPU
		{8E0FF4F6-96D4-4A0F-9A73-6079BA46602C}.Debug|x64.ActiveCfg = Debug|Any CPU
		{8E0FF4F6-96D4-4A0F-9A73-6079BA46602C}.Debug|x64.Build.0 = Debug|Any CPU
		{8E0FF4F6-96D4-4A0F-9A73-6079BA46602C}.Debug|x86.ActiveCfg = Debug|Any CPU
		{8E0FF4F6-96D4-4A0F-9A73-6079BA46602C}.Debug|x86.Build.0 = Debug|Any CPU
		{8E0FF4F6-96D4-4A0F-9A73-6079BA46602C}.Release|Any CPU.ActiveCfg = Release|Any CPU
		{8E0FF4F6-96D4-4A0F-9A73-6079BA46602C}.Release|Any CPU.Build.0 = Release|Any CPU
		{8E0FF4F6-96D4-4A0F-9A73-6079BA46602C}.Release|x64.ActiveCfg = Release|Any CPU
		{8E0FF4F6-96D4-4A0F-9A73-6079BA46602C}.Release|x64.Build.0 = Release|Any CPU
		{8E0FF4F6-96D4-4A0F-9A73-6079BA46602C}.Release|x86.ActiveCfg = Release|Any CPU
		{8E0FF4F6-96D4-4A0F-9A73-6079BA46602C}.Release|x86.Build.0 = Release|Any CPU
		{8E0FF4F6-96D4-4A0F-9A73-6079BA46602C}.Default|Any CPU.ActiveCfg = Debug|Any CPU
		{8E0FF4F6-96D4-4A0F-9A73-6079BA46602C}.Default|Any CPU.Build.0 = Debug|Any CPU
		{DD7DAF7F-D900-43AF-8994-DBA811933EF1}.Debug|Any CPU.ActiveCfg = Debug|Any CPU
		{DD7DAF7F-D900-43AF-8994-DBA811933EF1}.Debug|Any CPU.Build.0 = Debug|Any CPU
		{DD7DAF7F-D900-43AF-8994-DBA811933EF1}.Debug|x64.ActiveCfg = Debug|Any CPU
		{DD7DAF7F-D900-43AF-8994-DBA811933EF1}.Debug|x64.Build.0 = Debug|Any CPU
		{DD7DAF7F-D900-43AF-8994-DBA811933EF1}.Debug|x86.ActiveCfg = Debug|Any CPU
		{DD7DAF7F-D900-43AF-8994-DBA811933EF1}.Debug|x86.Build.0 = Debug|Any CPU
		{DD7DAF7F-D900-43AF-8994-DBA811933EF1}.Release|Any CPU.ActiveCfg = Release|Any CPU
		{DD7DAF7F-D900-43AF-8994-DBA811933EF1}.Release|Any CPU.Build.0 = Release|Any CPU
		{DD7DAF7F-D900-43AF-8994-DBA811933EF1}.Release|x64.ActiveCfg = Release|Any CPU
		{DD7DAF7F-D900-43AF-8994-DBA811933EF1}.Release|x64.Build.0 = Release|Any CPU
		{DD7DAF7F-D900-43AF-8994-DBA811933EF1}.Release|x86.ActiveCfg = Release|Any CPU
		{DD7DAF7F-D900-43AF-8994-DBA811933EF1}.Release|x86.Build.0 = Release|Any CPU
		{DD7DAF7F-D900-43AF-8994-DBA811933EF1}.Default|Any CPU.ActiveCfg = Debug|Any CPU
		{DD7DAF7F-D900-43AF-8994-DBA811933EF1}.Default|Any CPU.Build.0 = Debug|Any CPU
		{0CB403CA-F0C5-4DF0-A9D8-E4BCB9683E19}.Debug|Any CPU.ActiveCfg = Debug|Any CPU
		{0CB403CA-F0C5-4DF0-A9D8-E4BCB9683E19}.Debug|Any CPU.Build.0 = Debug|Any CPU
		{0CB403CA-F0C5-4DF0-A9D8-E4BCB9683E19}.Debug|x64.ActiveCfg = Debug|Any CPU
		{0CB403CA-F0C5-4DF0-A9D8-E4BCB9683E19}.Debug|x64.Build.0 = Debug|Any CPU
		{0CB403CA-F0C5-4DF0-A9D8-E4BCB9683E19}.Debug|x86.ActiveCfg = Debug|Any CPU
		{0CB403CA-F0C5-4DF0-A9D8-E4BCB9683E19}.Debug|x86.Build.0 = Debug|Any CPU
		{0CB403CA-F0C5-4DF0-A9D8-E4BCB9683E19}.Release|Any CPU.ActiveCfg = Release|Any CPU
		{0CB403CA-F0C5-4DF0-A9D8-E4BCB9683E19}.Release|Any CPU.Build.0 = Release|Any CPU
		{0CB403CA-F0C5-4DF0-A9D8-E4BCB9683E19}.Release|x64.ActiveCfg = Release|Any CPU
		{0CB403CA-F0C5-4DF0-A9D8-E4BCB9683E19}.Release|x64.Build.0 = Release|Any CPU
		{0CB403CA-F0C5-4DF0-A9D8-E4BCB9683E19}.Release|x86.ActiveCfg = Release|Any CPU
		{0CB403CA-F0C5-4DF0-A9D8-E4BCB9683E19}.Release|x86.Build.0 = Release|Any CPU
		{0CB403CA-F0C5-4DF0-A9D8-E4BCB9683E19}.Default|Any CPU.ActiveCfg = Debug|Any CPU
		{0CB403CA-F0C5-4DF0-A9D8-E4BCB9683E19}.Default|Any CPU.Build.0 = Debug|Any CPU
		{C7FE57A6-A54E-4C96-9FCD-5A7CF16C2948}.Debug|Any CPU.ActiveCfg = Debug|Any CPU
		{C7FE57A6-A54E-4C96-9FCD-5A7CF16C2948}.Debug|Any CPU.Build.0 = Debug|Any CPU
		{C7FE57A6-A54E-4C96-9FCD-5A7CF16C2948}.Debug|x64.ActiveCfg = Debug|Any CPU
		{C7FE57A6-A54E-4C96-9FCD-5A7CF16C2948}.Debug|x64.Build.0 = Debug|Any CPU
		{C7FE57A6-A54E-4C96-9FCD-5A7CF16C2948}.Debug|x86.ActiveCfg = Debug|Any CPU
		{C7FE57A6-A54E-4C96-9FCD-5A7CF16C2948}.Debug|x86.Build.0 = Debug|Any CPU
		{C7FE57A6-A54E-4C96-9FCD-5A7CF16C2948}.Release|Any CPU.ActiveCfg = Release|Any CPU
		{C7FE57A6-A54E-4C96-9FCD-5A7CF16C2948}.Release|Any CPU.Build.0 = Release|Any CPU
		{C7FE57A6-A54E-4C96-9FCD-5A7CF16C2948}.Release|x64.ActiveCfg = Release|Any CPU
		{C7FE57A6-A54E-4C96-9FCD-5A7CF16C2948}.Release|x64.Build.0 = Release|Any CPU
		{C7FE57A6-A54E-4C96-9FCD-5A7CF16C2948}.Release|x86.ActiveCfg = Release|Any CPU
		{C7FE57A6-A54E-4C96-9FCD-5A7CF16C2948}.Release|x86.Build.0 = Release|Any CPU
		{C7FE57A6-A54E-4C96-9FCD-5A7CF16C2948}.Default|Any CPU.ActiveCfg = Debug|Any CPU
		{C7FE57A6-A54E-4C96-9FCD-5A7CF16C2948}.Default|Any CPU.Build.0 = Debug|Any CPU
		{B8917859-C29E-41A8-965C-0B9D1BF9F05B}.Debug|Any CPU.ActiveCfg = Debug|Any CPU
		{B8917859-C29E-41A8-965C-0B9D1BF9F05B}.Debug|Any CPU.Build.0 = Debug|Any CPU
		{B8917859-C29E-41A8-965C-0B9D1BF9F05B}.Debug|x64.ActiveCfg = Debug|Any CPU
		{B8917859-C29E-41A8-965C-0B9D1BF9F05B}.Debug|x64.Build.0 = Debug|Any CPU
		{B8917859-C29E-41A8-965C-0B9D1BF9F05B}.Debug|x86.ActiveCfg = Debug|Any CPU
		{B8917859-C29E-41A8-965C-0B9D1BF9F05B}.Debug|x86.Build.0 = Debug|Any CPU
		{B8917859-C29E-41A8-965C-0B9D1BF9F05B}.Release|Any CPU.ActiveCfg = Release|Any CPU
		{B8917859-C29E-41A8-965C-0B9D1BF9F05B}.Release|Any CPU.Build.0 = Release|Any CPU
		{B8917859-C29E-41A8-965C-0B9D1BF9F05B}.Release|x64.ActiveCfg = Release|Any CPU
		{B8917859-C29E-41A8-965C-0B9D1BF9F05B}.Release|x64.Build.0 = Release|Any CPU
		{B8917859-C29E-41A8-965C-0B9D1BF9F05B}.Release|x86.ActiveCfg = Release|Any CPU
		{B8917859-C29E-41A8-965C-0B9D1BF9F05B}.Release|x86.Build.0 = Release|Any CPU
		{B8917859-C29E-41A8-965C-0B9D1BF9F05B}.Default|Any CPU.ActiveCfg = Debug|Any CPU
		{B8917859-C29E-41A8-965C-0B9D1BF9F05B}.Default|Any CPU.Build.0 = Debug|Any CPU
		{D5EDB823-B0A6-49B6-AF48-4D25D780585B}.Debug|Any CPU.ActiveCfg = Debug|Any CPU
		{D5EDB823-B0A6-49B6-AF48-4D25D780585B}.Debug|Any CPU.Build.0 = Debug|Any CPU
		{D5EDB823-B0A6-49B6-AF48-4D25D780585B}.Debug|x64.ActiveCfg = Debug|Any CPU
		{D5EDB823-B0A6-49B6-AF48-4D25D780585B}.Debug|x64.Build.0 = Debug|Any CPU
		{D5EDB823-B0A6-49B6-AF48-4D25D780585B}.Debug|x86.ActiveCfg = Debug|Any CPU
		{D5EDB823-B0A6-49B6-AF48-4D25D780585B}.Debug|x86.Build.0 = Debug|Any CPU
		{D5EDB823-B0A6-49B6-AF48-4D25D780585B}.Release|Any CPU.ActiveCfg = Release|Any CPU
		{D5EDB823-B0A6-49B6-AF48-4D25D780585B}.Release|Any CPU.Build.0 = Release|Any CPU
		{D5EDB823-B0A6-49B6-AF48-4D25D780585B}.Release|x64.ActiveCfg = Release|Any CPU
		{D5EDB823-B0A6-49B6-AF48-4D25D780585B}.Release|x64.Build.0 = Release|Any CPU
		{D5EDB823-B0A6-49B6-AF48-4D25D780585B}.Release|x86.ActiveCfg = Release|Any CPU
		{D5EDB823-B0A6-49B6-AF48-4D25D780585B}.Release|x86.Build.0 = Release|Any CPU
		{D5EDB823-B0A6-49B6-AF48-4D25D780585B}.Default|Any CPU.ActiveCfg = Debug|Any CPU
		{D5EDB823-B0A6-49B6-AF48-4D25D780585B}.Default|Any CPU.Build.0 = Debug|Any CPU
		{D59E7051-DFFE-472B-B225-E4C5D54921E3}.Debug|Any CPU.ActiveCfg = Debug|Any CPU
		{D59E7051-DFFE-472B-B225-E4C5D54921E3}.Debug|Any CPU.Build.0 = Debug|Any CPU
		{D59E7051-DFFE-472B-B225-E4C5D54921E3}.Debug|x64.ActiveCfg = Debug|Any CPU
		{D59E7051-DFFE-472B-B225-E4C5D54921E3}.Debug|x64.Build.0 = Debug|Any CPU
		{D59E7051-DFFE-472B-B225-E4C5D54921E3}.Debug|x86.ActiveCfg = Debug|Any CPU
		{D59E7051-DFFE-472B-B225-E4C5D54921E3}.Debug|x86.Build.0 = Debug|Any CPU
		{D59E7051-DFFE-472B-B225-E4C5D54921E3}.Release|Any CPU.ActiveCfg = Release|Any CPU
		{D59E7051-DFFE-472B-B225-E4C5D54921E3}.Release|Any CPU.Build.0 = Release|Any CPU
		{D59E7051-DFFE-472B-B225-E4C5D54921E3}.Release|x64.ActiveCfg = Release|Any CPU
		{D59E7051-DFFE-472B-B225-E4C5D54921E3}.Release|x64.Build.0 = Release|Any CPU
		{D59E7051-DFFE-472B-B225-E4C5D54921E3}.Release|x86.ActiveCfg = Release|Any CPU
		{D59E7051-DFFE-472B-B225-E4C5D54921E3}.Release|x86.Build.0 = Release|Any CPU
		{D59E7051-DFFE-472B-B225-E4C5D54921E3}.Default|Any CPU.ActiveCfg = Debug|Any CPU
		{D59E7051-DFFE-472B-B225-E4C5D54921E3}.Default|Any CPU.Build.0 = Debug|Any CPU
		{ACCF1265-1764-4FAC-A0A9-10707AA9EBF7}.Debug|Any CPU.ActiveCfg = Debug|Any CPU
		{ACCF1265-1764-4FAC-A0A9-10707AA9EBF7}.Debug|Any CPU.Build.0 = Debug|Any CPU
		{ACCF1265-1764-4FAC-A0A9-10707AA9EBF7}.Debug|x64.ActiveCfg = Debug|Any CPU
		{ACCF1265-1764-4FAC-A0A9-10707AA9EBF7}.Debug|x64.Build.0 = Debug|Any CPU
		{ACCF1265-1764-4FAC-A0A9-10707AA9EBF7}.Debug|x86.ActiveCfg = Debug|Any CPU
		{ACCF1265-1764-4FAC-A0A9-10707AA9EBF7}.Debug|x86.Build.0 = Debug|Any CPU
		{ACCF1265-1764-4FAC-A0A9-10707AA9EBF7}.Release|Any CPU.ActiveCfg = Release|Any CPU
		{ACCF1265-1764-4FAC-A0A9-10707AA9EBF7}.Release|Any CPU.Build.0 = Release|Any CPU
		{ACCF1265-1764-4FAC-A0A9-10707AA9EBF7}.Release|x64.ActiveCfg = Release|Any CPU
		{ACCF1265-1764-4FAC-A0A9-10707AA9EBF7}.Release|x64.Build.0 = Release|Any CPU
		{ACCF1265-1764-4FAC-A0A9-10707AA9EBF7}.Release|x86.ActiveCfg = Release|Any CPU
		{ACCF1265-1764-4FAC-A0A9-10707AA9EBF7}.Release|x86.Build.0 = Release|Any CPU
		{ACCF1265-1764-4FAC-A0A9-10707AA9EBF7}.Default|Any CPU.ActiveCfg = Debug|Any CPU
		{ACCF1265-1764-4FAC-A0A9-10707AA9EBF7}.Default|Any CPU.Build.0 = Debug|Any CPU
		{04228069-8CE9-41C2-BB65-42516BAD5453}.Debug|Any CPU.ActiveCfg = Debug|Any CPU
		{04228069-8CE9-41C2-BB65-42516BAD5453}.Debug|Any CPU.Build.0 = Debug|Any CPU
		{04228069-8CE9-41C2-BB65-42516BAD5453}.Debug|x64.ActiveCfg = Debug|Any CPU
		{04228069-8CE9-41C2-BB65-42516BAD5453}.Debug|x64.Build.0 = Debug|Any CPU
		{04228069-8CE9-41C2-BB65-42516BAD5453}.Debug|x86.ActiveCfg = Debug|Any CPU
		{04228069-8CE9-41C2-BB65-42516BAD5453}.Debug|x86.Build.0 = Debug|Any CPU
		{04228069-8CE9-41C2-BB65-42516BAD5453}.Release|Any CPU.ActiveCfg = Release|Any CPU
		{04228069-8CE9-41C2-BB65-42516BAD5453}.Release|Any CPU.Build.0 = Release|Any CPU
		{04228069-8CE9-41C2-BB65-42516BAD5453}.Release|x64.ActiveCfg = Release|Any CPU
		{04228069-8CE9-41C2-BB65-42516BAD5453}.Release|x64.Build.0 = Release|Any CPU
		{04228069-8CE9-41C2-BB65-42516BAD5453}.Release|x86.ActiveCfg = Release|Any CPU
		{04228069-8CE9-41C2-BB65-42516BAD5453}.Release|x86.Build.0 = Release|Any CPU
		{04228069-8CE9-41C2-BB65-42516BAD5453}.Default|Any CPU.ActiveCfg = Debug|Any CPU
		{04228069-8CE9-41C2-BB65-42516BAD5453}.Default|Any CPU.Build.0 = Debug|Any CPU
		{3F7B5C8F-1F4D-49F4-882E-BF8335E9926C}.Debug|Any CPU.ActiveCfg = Debug|Any CPU
		{3F7B5C8F-1F4D-49F4-882E-BF8335E9926C}.Debug|Any CPU.Build.0 = Debug|Any CPU
		{3F7B5C8F-1F4D-49F4-882E-BF8335E9926C}.Debug|x64.ActiveCfg = Debug|Any CPU
		{3F7B5C8F-1F4D-49F4-882E-BF8335E9926C}.Debug|x64.Build.0 = Debug|Any CPU
		{3F7B5C8F-1F4D-49F4-882E-BF8335E9926C}.Debug|x86.ActiveCfg = Debug|Any CPU
		{3F7B5C8F-1F4D-49F4-882E-BF8335E9926C}.Debug|x86.Build.0 = Debug|Any CPU
		{3F7B5C8F-1F4D-49F4-882E-BF8335E9926C}.Release|Any CPU.ActiveCfg = Release|Any CPU
		{3F7B5C8F-1F4D-49F4-882E-BF8335E9926C}.Release|Any CPU.Build.0 = Release|Any CPU
		{3F7B5C8F-1F4D-49F4-882E-BF8335E9926C}.Release|x64.ActiveCfg = Release|Any CPU
		{3F7B5C8F-1F4D-49F4-882E-BF8335E9926C}.Release|x64.Build.0 = Release|Any CPU
		{3F7B5C8F-1F4D-49F4-882E-BF8335E9926C}.Release|x86.ActiveCfg = Release|Any CPU
		{3F7B5C8F-1F4D-49F4-882E-BF8335E9926C}.Release|x86.Build.0 = Release|Any CPU
		{3F7B5C8F-1F4D-49F4-882E-BF8335E9926C}.Default|Any CPU.ActiveCfg = Debug|Any CPU
		{3F7B5C8F-1F4D-49F4-882E-BF8335E9926C}.Default|Any CPU.Build.0 = Debug|Any CPU
		{EC184F97-1A53-4A91-A65D-866F96F2956A}.Debug|Any CPU.ActiveCfg = Debug|Any CPU
		{EC184F97-1A53-4A91-A65D-866F96F2956A}.Debug|Any CPU.Build.0 = Debug|Any CPU
		{EC184F97-1A53-4A91-A65D-866F96F2956A}.Debug|x64.ActiveCfg = Debug|Any CPU
		{EC184F97-1A53-4A91-A65D-866F96F2956A}.Debug|x64.Build.0 = Debug|Any CPU
		{EC184F97-1A53-4A91-A65D-866F96F2956A}.Debug|x86.ActiveCfg = Debug|Any CPU
		{EC184F97-1A53-4A91-A65D-866F96F2956A}.Debug|x86.Build.0 = Debug|Any CPU
		{EC184F97-1A53-4A91-A65D-866F96F2956A}.Release|Any CPU.ActiveCfg = Release|Any CPU
		{EC184F97-1A53-4A91-A65D-866F96F2956A}.Release|Any CPU.Build.0 = Release|Any CPU
		{EC184F97-1A53-4A91-A65D-866F96F2956A}.Release|x64.ActiveCfg = Release|Any CPU
		{EC184F97-1A53-4A91-A65D-866F96F2956A}.Release|x64.Build.0 = Release|Any CPU
		{EC184F97-1A53-4A91-A65D-866F96F2956A}.Release|x86.ActiveCfg = Release|Any CPU
		{EC184F97-1A53-4A91-A65D-866F96F2956A}.Release|x86.Build.0 = Release|Any CPU
		{EC184F97-1A53-4A91-A65D-866F96F2956A}.Default|Any CPU.ActiveCfg = Debug|Any CPU
		{EC184F97-1A53-4A91-A65D-866F96F2956A}.Default|Any CPU.Build.0 = Debug|Any CPU
	EndGlobalSection
	GlobalSection(NestedProjects) = preSolution
		{182CA403-B833-4101-91CB-F94956AA4948} = {A516DB64-7C5E-4A2E-8D14-9DFDA1C662C4}
		{8E0FF4F6-96D4-4A0F-9A73-6079BA46602C} = {A516DB64-7C5E-4A2E-8D14-9DFDA1C662C4}
		{DD7DAF7F-D900-43AF-8994-DBA811933EF1} = {A516DB64-7C5E-4A2E-8D14-9DFDA1C662C4}
		{0CB403CA-F0C5-4DF0-A9D8-E4BCB9683E19} = {3BE579BC-5D70-4116-A236-B4E88A127AAF}
		{C7FE57A6-A54E-4C96-9FCD-5A7CF16C2948} = {3BE579BC-5D70-4116-A236-B4E88A127AAF}
		{B8917859-C29E-41A8-965C-0B9D1BF9F05B} = {0F29801D-D095-4FA1-B6B4-D0776BF8050F}
		{D5EDB823-B0A6-49B6-AF48-4D25D780585B} = {0F29801D-D095-4FA1-B6B4-D0776BF8050F}
		{D59E7051-DFFE-472B-B225-E4C5D54921E3} = {83BB0646-67FD-470F-BF73-7CD04A98D2E2}
		{ACCF1265-1764-4FAC-A0A9-10707AA9EBF7} = {83BB0646-67FD-470F-BF73-7CD04A98D2E2}
		{04228069-8CE9-41C2-BB65-42516BAD5453} = {07248039-F49C-4006-81B4-2C3C387AB06B}
		{3F7B5C8F-1F4D-49F4-882E-BF8335E9926C} = {07248039-F49C-4006-81B4-2C3C387AB06B}
		{EC184F97-1A53-4A91-A65D-866F96F2956A} = {A516DB64-7C5E-4A2E-8D14-9DFDA1C662C4}
	EndGlobalSection
EndGlobal
