
Microsoft Visual Studio Solution File, Format Version 12.00
# Visual Studio Version 17
VisualStudioVersion = 17.5.33414.496
MinimumVisualStudioVersion = 10.0.40219.1
Project("{FAE04EC0-301F-11D3-BF4B-00C04F79EFBC}") = "sbom", "sbom.csproj", "{62807C25-121D-46D5-8319-5AD844094CDE}"
EndProject
Global
	GlobalSection(SolutionConfigurationPlatforms) = preSolution
		Debug|Any CPU = Debug|Any CPU
		Release|Any CPU = Release|Any CPU
	EndGlobalSection
	GlobalSection(ProjectConfigurationPlatforms) = postSolution
		{62807C25-121D-46D5-8319-5AD844094CDE}.Debug|Any CPU.ActiveCfg = Debug|Any CPU
		{62807C25-121D-46D5-8319-5AD844094CDE}.Debug|Any CPU.Build.0 = Debug|Any CPU
		{62807C25-121D-46D5-8319-5AD844094CDE}.Release|Any CPU.ActiveCfg = Release|Any CPU
		{62807C25-121D-46D5-8319-5AD844094CDE}.Release|Any CPU.Build.0 = Release|Any CPU
	EndGlobalSection
	GlobalSection(SolutionProperties) = preSolution
		HideSolutionNode = FALSE
	EndGlobalSection
	GlobalSection(ExtensibilityGlobals) = postSolution
		SolutionGuid = {72DE4589-2D23-46F8-86DA-B0542FE72AD2}
	EndGlobalSection
EndGlobal
