
Microsoft Visual Studio Solution File, Format Version 12.00
# Visual Studio Version 17
VisualStudioVersion = 17.5.33414.496
MinimumVisualStudioVersion = 10.0.40219.1
Project("{FAE04EC0-301F-11D3-BF4B-00C04F79EFBC}") = "FakeSmartMeter", "FakeSmartMeter.csproj", "{FE90C32F-8B1C-4F25-86A2-28A3BF9B8B61}"
EndProject
Global
	GlobalSection(SolutionConfigurationPlatforms) = preSolution
		Debug|Any CPU = Debug|Any CPU
		Release|Any CPU = Release|Any CPU
	EndGlobalSection
	GlobalSection(ProjectConfigurationPlatforms) = postSolution
		{FE90C32F-8B1C-4F25-86A2-28A3BF9B8B61}.Debug|Any CPU.ActiveCfg = Debug|Any CPU
		{FE90C32F-8B1C-4F25-86A2-28A3BF9B8B61}.Debug|Any CPU.Build.0 = Debug|Any CPU
		{FE90C32F-8B1C-4F25-86A2-28A3BF9B8B61}.Release|Any CPU.ActiveCfg = Release|Any CPU
		{FE90C32F-8B1C-4F25-86A2-28A3BF9B8B61}.Release|Any CPU.Build.0 = Release|Any CPU
	EndGlobalSection
	GlobalSection(SolutionProperties) = preSolution
		HideSolutionNode = FALSE
	EndGlobalSection
	GlobalSection(ExtensibilityGlobals) = postSolution
		SolutionGuid = {AD778A43-3129-4E92-BB31-5A0AC1509421}
	EndGlobalSection
EndGlobal
